
Microsoft Visual Studio Solution File, Format Version 12.00
# Visual Studio 2013
VisualStudioVersion = 12.0.31101.0
MinimumVisualStudioVersion = 10.0.40219.1
Project("{FAE04EC0-301F-11D3-BF4B-00C04F79EFBC}") = "FeatureExtractor", "FeatureExtractor\FeatureExtractor.csproj", "{E7B39B90-DCBA-4F8B-87E6-A6892B11ABBC}"
EndProject
Project("{FAE04EC0-301F-11D3-BF4B-00C04F79EFBC}") = "FeatureExtractor.Specs", "FeatureExtractor.Specs\FeatureExtractor.Specs.csproj", "{95E27B47-E6A1-41F5-B697-9D977A32EE12}"
EndProject
Project("{FAE04EC0-301F-11D3-BF4B-00C04F79EFBC}") = "FeatureExtractor.Tests", "FeatureExtractor.Tests\FeatureExtractor.Tests.csproj", "{081510BE-CCBD-4FE9-9BC2-201A07E6070E}"
EndProject
Global
	GlobalSection(SolutionConfigurationPlatforms) = preSolution
		Debug|Any CPU = Debug|Any CPU
		Release|Any CPU = Release|Any CPU
	EndGlobalSection
	GlobalSection(ProjectConfigurationPlatforms) = postSolution
		{E7B39B90-DCBA-4F8B-87E6-A6892B11ABBC}.Debug|Any CPU.ActiveCfg = Debug|Any CPU
		{E7B39B90-DCBA-4F8B-87E6-A6892B11ABBC}.Debug|Any CPU.Build.0 = Debug|Any CPU
		{E7B39B90-DCBA-4F8B-87E6-A6892B11ABBC}.Release|Any CPU.ActiveCfg = Release|Any CPU
		{E7B39B90-DCBA-4F8B-87E6-A6892B11ABBC}.Release|Any CPU.Build.0 = Release|Any CPU
		{95E27B47-E6A1-41F5-B697-9D977A32EE12}.Debug|Any CPU.ActiveCfg = Debug|Any CPU
		{95E27B47-E6A1-41F5-B697-9D977A32EE12}.Debug|Any CPU.Build.0 = Debug|Any CPU
		{95E27B47-E6A1-41F5-B697-9D977A32EE12}.Release|Any CPU.ActiveCfg = Release|Any CPU
		{95E27B47-E6A1-41F5-B697-9D977A32EE12}.Release|Any CPU.Build.0 = Release|Any CPU
		{081510BE-CCBD-4FE9-9BC2-201A07E6070E}.Debug|Any CPU.ActiveCfg = Debug|Any CPU
		{081510BE-CCBD-4FE9-9BC2-201A07E6070E}.Debug|Any CPU.Build.0 = Debug|Any CPU
		{081510BE-CCBD-4FE9-9BC2-201A07E6070E}.Release|Any CPU.ActiveCfg = Release|Any CPU
		{081510BE-CCBD-4FE9-9BC2-201A07E6070E}.Release|Any CPU.Build.0 = Release|Any CPU
	EndGlobalSection
	GlobalSection(SolutionProperties) = preSolution
		HideSolutionNode = FALSE
	EndGlobalSection
EndGlobal
